
Microsoft Visual Studio Solution File, Format Version 12.00
# Visual Studio 2012
Project("{2150E333-8FDC-42A3-9474-1A3956D46DE8}") = "Extensions", "Extensions", "{77A29F80-1A27-4AB6-B8DD-5CCD07A008F1}"
EndProject
Project("{FAE04EC0-301F-11D3-BF4B-00C04F79EFBC}") = "Agile.Common", "Agile.Common\Agile.Common.csproj", "{77128248-6AFC-4BE6-837E-6DA8703ADA30}"
EndProject
Project("{FAE04EC0-301F-11D3-BF4B-00C04F79EFBC}") = "Agile.Framework", "Agile.Framework\Agile.Framework.csproj", "{D31C25DD-B900-42F6-9BA6-2E30BA039671}"
EndProject
Project("{FAE04EC0-301F-11D3-BF4B-00C04F79EFBC}") = "Agile.UI", "Agile.UI\Agile.UI.csproj", "{08A68A30-4C67-4EEA-9BA4-D16495B1C63B}"
EndProject
Project("{FAE04EC0-301F-11D3-BF4B-00C04F79EFBC}") = "Agile.Autofac", "Agile.Autofac\Agile.Autofac.csproj", "{CE7B51E2-C261-498A-BF90-8E1824C389CA}"
EndProject
Project("{FAE04EC0-301F-11D3-BF4B-00C04F79EFBC}") = "Agile.Log4Net", "Agile.Log4Net\Agile.Log4Net.csproj", "{A1AD1031-1C7D-4DAC-B6E5-958EFF42E132}"
EndProject
Project("{2150E333-8FDC-42A3-9474-1A3956D46DE8}") = "Test", "Test", "{AFF77F98-1F15-4BC4-B578-F8E8DE0A9115}"
EndProject
Project("{2150E333-8FDC-42A3-9474-1A3956D46DE8}") = "Tools", "Tools", "{FBD8D82F-50FE-4D51-B51F-0527661D8547}"
EndProject
Project("{FAE04EC0-301F-11D3-BF4B-00C04F79EFBC}") = "Agile.QueryObjectGenerator", "Agile.QueryObjectGenerator\Agile.QueryObjectGenerator.csproj", "{3238ABD7-A6EA-441C-9303-6E2EDDCEDA39}"
EndProject
Project("{FAE04EC0-301F-11D3-BF4B-00C04F79EFBC}") = "Agile.Framework.Test", "Agile.Framework.Test\Agile.Framework.Test.csproj", "{D0A3FAE2-A209-43EC-9D42-380043DFFEBC}"
EndProject
Project("{FAE04EC0-301F-11D3-BF4B-00C04F79EFBC}") = "Agile.Framework.Memcached", "Agile.Framework.Memcached\Agile.Framework.Memcached.csproj", "{59C93F55-81CC-4B23-B592-9D3CDA658E57}"
EndProject
Project("{FAE04EC0-301F-11D3-BF4B-00C04F79EFBC}") = "Agile.Framework.Redis", "Agile.Framework.Redis\Agile.Framework.Redis.csproj", "{AD51828A-6BCA-4E3E-B016-9975EC25E5ED}"
EndProject
Project("{2150E333-8FDC-42A3-9474-1A3956D46DE8}") = "Solution Items", "Solution Items", "{135F3B45-EE18-4CC8-A0F9-0AB82CFB7F88}"
	ProjectSection(SolutionItems) = preProject
		TODO list.txt = TODO list.txt
	EndProjectSection
EndProject
Project("{FAE04EC0-301F-11D3-BF4B-00C04F79EFBC}") = "Agile.CaptchaDictionaryGenerator", "Agile.CaptchaDictionaryGenerator\Agile.CaptchaDictionaryGenerator.csproj", "{2476632A-F796-4860-A7C8-97990637B665}"
EndProject
Global
	GlobalSection(SolutionConfigurationPlatforms) = preSolution
		Debug|Any CPU = Debug|Any CPU
		Release|Any CPU = Release|Any CPU
	EndGlobalSection
	GlobalSection(ProjectConfigurationPlatforms) = postSolution
		{77128248-6AFC-4BE6-837E-6DA8703ADA30}.Debug|Any CPU.ActiveCfg = Debug|Any CPU
		{77128248-6AFC-4BE6-837E-6DA8703ADA30}.Debug|Any CPU.Build.0 = Debug|Any CPU
		{77128248-6AFC-4BE6-837E-6DA8703ADA30}.Release|Any CPU.ActiveCfg = Release|Any CPU
		{77128248-6AFC-4BE6-837E-6DA8703ADA30}.Release|Any CPU.Build.0 = Release|Any CPU
		{D31C25DD-B900-42F6-9BA6-2E30BA039671}.Debug|Any CPU.ActiveCfg = Debug|Any CPU
		{D31C25DD-B900-42F6-9BA6-2E30BA039671}.Debug|Any CPU.Build.0 = Debug|Any CPU
		{D31C25DD-B900-42F6-9BA6-2E30BA039671}.Release|Any CPU.ActiveCfg = Release|Any CPU
		{D31C25DD-B900-42F6-9BA6-2E30BA039671}.Release|Any CPU.Build.0 = Release|Any CPU
		{08A68A30-4C67-4EEA-9BA4-D16495B1C63B}.Debug|Any CPU.ActiveCfg = Debug|Any CPU
		{08A68A30-4C67-4EEA-9BA4-D16495B1C63B}.Debug|Any CPU.Build.0 = Debug|Any CPU
		{08A68A30-4C67-4EEA-9BA4-D16495B1C63B}.Release|Any CPU.ActiveCfg = Release|Any CPU
		{08A68A30-4C67-4EEA-9BA4-D16495B1C63B}.Release|Any CPU.Build.0 = Release|Any CPU
		{CE7B51E2-C261-498A-BF90-8E1824C389CA}.Debug|Any CPU.ActiveCfg = Debug|Any CPU
		{CE7B51E2-C261-498A-BF90-8E1824C389CA}.Debug|Any CPU.Build.0 = Debug|Any CPU
		{CE7B51E2-C261-498A-BF90-8E1824C389CA}.Release|Any CPU.ActiveCfg = Release|Any CPU
		{CE7B51E2-C261-498A-BF90-8E1824C389CA}.Release|Any CPU.Build.0 = Release|Any CPU
		{A1AD1031-1C7D-4DAC-B6E5-958EFF42E132}.Debug|Any CPU.ActiveCfg = Debug|Any CPU
		{A1AD1031-1C7D-4DAC-B6E5-958EFF42E132}.Debug|Any CPU.Build.0 = Debug|Any CPU
		{A1AD1031-1C7D-4DAC-B6E5-958EFF42E132}.Release|Any CPU.ActiveCfg = Release|Any CPU
		{A1AD1031-1C7D-4DAC-B6E5-958EFF42E132}.Release|Any CPU.Build.0 = Release|Any CPU
		{3238ABD7-A6EA-441C-9303-6E2EDDCEDA39}.Debug|Any CPU.ActiveCfg = Debug|Any CPU
		{3238ABD7-A6EA-441C-9303-6E2EDDCEDA39}.Debug|Any CPU.Build.0 = Debug|Any CPU
		{3238ABD7-A6EA-441C-9303-6E2EDDCEDA39}.Release|Any CPU.ActiveCfg = Release|Any CPU
		{3238ABD7-A6EA-441C-9303-6E2EDDCEDA39}.Release|Any CPU.Build.0 = Release|Any CPU
		{D0A3FAE2-A209-43EC-9D42-380043DFFEBC}.Debug|Any CPU.ActiveCfg = Debug|Any CPU
		{D0A3FAE2-A209-43EC-9D42-380043DFFEBC}.Debug|Any CPU.Build.0 = Debug|Any CPU
		{D0A3FAE2-A209-43EC-9D42-380043DFFEBC}.Release|Any CPU.ActiveCfg = Release|Any CPU
		{D0A3FAE2-A209-43EC-9D42-380043DFFEBC}.Release|Any CPU.Build.0 = Release|Any CPU
		{59C93F55-81CC-4B23-B592-9D3CDA658E57}.Debug|Any CPU.ActiveCfg = Debug|Any CPU
		{59C93F55-81CC-4B23-B592-9D3CDA658E57}.Debug|Any CPU.Build.0 = Debug|Any CPU
		{59C93F55-81CC-4B23-B592-9D3CDA658E57}.Release|Any CPU.ActiveCfg = Release|Any CPU
		{59C93F55-81CC-4B23-B592-9D3CDA658E57}.Release|Any CPU.Build.0 = Release|Any CPU
		{AD51828A-6BCA-4E3E-B016-9975EC25E5ED}.Debug|Any CPU.ActiveCfg = Debug|Any CPU
		{AD51828A-6BCA-4E3E-B016-9975EC25E5ED}.Debug|Any CPU.Build.0 = Debug|Any CPU
		{AD51828A-6BCA-4E3E-B016-9975EC25E5ED}.Release|Any CPU.ActiveCfg = Release|Any CPU
		{AD51828A-6BCA-4E3E-B016-9975EC25E5ED}.Release|Any CPU.Build.0 = Release|Any CPU
		{2476632A-F796-4860-A7C8-97990637B665}.Debug|Any CPU.ActiveCfg = Debug|Any CPU
		{2476632A-F796-4860-A7C8-97990637B665}.Debug|Any CPU.Build.0 = Debug|Any CPU
		{2476632A-F796-4860-A7C8-97990637B665}.Release|Any CPU.ActiveCfg = Release|Any CPU
		{2476632A-F796-4860-A7C8-97990637B665}.Release|Any CPU.Build.0 = Release|Any CPU
	EndGlobalSection
	GlobalSection(SolutionProperties) = preSolution
		HideSolutionNode = FALSE
	EndGlobalSection
	GlobalSection(NestedProjects) = preSolution
		{CE7B51E2-C261-498A-BF90-8E1824C389CA} = {77A29F80-1A27-4AB6-B8DD-5CCD07A008F1}
		{A1AD1031-1C7D-4DAC-B6E5-958EFF42E132} = {77A29F80-1A27-4AB6-B8DD-5CCD07A008F1}
		{59C93F55-81CC-4B23-B592-9D3CDA658E57} = {77A29F80-1A27-4AB6-B8DD-5CCD07A008F1}
		{AD51828A-6BCA-4E3E-B016-9975EC25E5ED} = {77A29F80-1A27-4AB6-B8DD-5CCD07A008F1}
		{D0A3FAE2-A209-43EC-9D42-380043DFFEBC} = {AFF77F98-1F15-4BC4-B578-F8E8DE0A9115}
		{3238ABD7-A6EA-441C-9303-6E2EDDCEDA39} = {FBD8D82F-50FE-4D51-B51F-0527661D8547}
		{2476632A-F796-4860-A7C8-97990637B665} = {FBD8D82F-50FE-4D51-B51F-0527661D8547}
	EndGlobalSection
EndGlobal
